
Microsoft Visual Studio Solution File, Format Version 12.00
# Visual Studio Version 16
VisualStudioVersion = 16.0.29806.167
MinimumVisualStudioVersion = 15.0.26124.0
Project("{9A19103F-16F7-4668-BE54-9A1E7A4F7556}") = "DiagnoseVirtual.Application", "DiagnoseVirtual.Application\DiagnoseVirtual.Application.csproj", "{653F2824-8744-4FE9-9560-A442649A012C}"
EndProject
Project("{9A19103F-16F7-4668-BE54-9A1E7A4F7556}") = "DiagnoseVirtual.Service", "DiagnoseVirtual.Service\DiagnoseVirtual.Service.csproj", "{74020533-E731-43A3-8062-3547BE7FB42E}"
EndProject
Project("{9A19103F-16F7-4668-BE54-9A1E7A4F7556}") = "DiagnoseVirtual.Domain", "DiagnoseVirtual.Domain\DiagnoseVirtual.Domain.csproj", "{EE3A4E3D-79B8-4509-83E9-CD3BE07CC3D6}"
EndProject
Project("{9A19103F-16F7-4668-BE54-9A1E7A4F7556}") = "DiagnoseVirtual.Infra.Data", "DiagnoseVirtual.Infra.Data\DiagnoseVirtual.Infra.Data.csproj", "{1F94B5B4-29A3-42CC-B777-AE99093912E9}"
EndProject
Global
	GlobalSection(SolutionConfigurationPlatforms) = preSolution
		Debug|Any CPU = Debug|Any CPU
		Debug|x64 = Debug|x64
		Debug|x86 = Debug|x86
		Development|Any CPU = Development|Any CPU
		Development|x64 = Development|x64
		Development|x86 = Development|x86
		Release|Any CPU = Release|Any CPU
		Release|x64 = Release|x64
		Release|x86 = Release|x86
	EndGlobalSection
	GlobalSection(ProjectConfigurationPlatforms) = postSolution
		{653F2824-8744-4FE9-9560-A442649A012C}.Debug|Any CPU.ActiveCfg = Debug|Any CPU
		{653F2824-8744-4FE9-9560-A442649A012C}.Debug|Any CPU.Build.0 = Debug|Any CPU
		{653F2824-8744-4FE9-9560-A442649A012C}.Debug|x64.ActiveCfg = Debug|Any CPU
		{653F2824-8744-4FE9-9560-A442649A012C}.Debug|x64.Build.0 = Debug|Any CPU
		{653F2824-8744-4FE9-9560-A442649A012C}.Debug|x86.ActiveCfg = Debug|Any CPU
		{653F2824-8744-4FE9-9560-A442649A012C}.Debug|x86.Build.0 = Debug|Any CPU
		{653F2824-8744-4FE9-9560-A442649A012C}.Development|Any CPU.ActiveCfg = Development|Any CPU
		{653F2824-8744-4FE9-9560-A442649A012C}.Development|Any CPU.Build.0 = Development|Any CPU
		{653F2824-8744-4FE9-9560-A442649A012C}.Development|x64.ActiveCfg = Development|Any CPU
		{653F2824-8744-4FE9-9560-A442649A012C}.Development|x64.Build.0 = Development|Any CPU
		{653F2824-8744-4FE9-9560-A442649A012C}.Development|x86.ActiveCfg = Development|Any CPU
		{653F2824-8744-4FE9-9560-A442649A012C}.Development|x86.Build.0 = Development|Any CPU
		{653F2824-8744-4FE9-9560-A442649A012C}.Release|Any CPU.ActiveCfg = Release|Any CPU
		{653F2824-8744-4FE9-9560-A442649A012C}.Release|Any CPU.Build.0 = Release|Any CPU
		{653F2824-8744-4FE9-9560-A442649A012C}.Release|x64.ActiveCfg = Release|Any CPU
		{653F2824-8744-4FE9-9560-A442649A012C}.Release|x64.Build.0 = Release|Any CPU
		{653F2824-8744-4FE9-9560-A442649A012C}.Release|x86.ActiveCfg = Release|Any CPU
		{653F2824-8744-4FE9-9560-A442649A012C}.Release|x86.Build.0 = Release|Any CPU
		{74020533-E731-43A3-8062-3547BE7FB42E}.Debug|Any CPU.ActiveCfg = Debug|Any CPU
		{74020533-E731-43A3-8062-3547BE7FB42E}.Debug|Any CPU.Build.0 = Debug|Any CPU
		{74020533-E731-43A3-8062-3547BE7FB42E}.Debug|x64.ActiveCfg = Debug|Any CPU
		{74020533-E731-43A3-8062-3547BE7FB42E}.Debug|x64.Build.0 = Debug|Any CPU
		{74020533-E731-43A3-8062-3547BE7FB42E}.Debug|x86.ActiveCfg = Debug|Any CPU
		{74020533-E731-43A3-8062-3547BE7FB42E}.Debug|x86.Build.0 = Debug|Any CPU
		{74020533-E731-43A3-8062-3547BE7FB42E}.Development|Any CPU.ActiveCfg = Development|Any CPU
		{74020533-E731-43A3-8062-3547BE7FB42E}.Development|Any CPU.Build.0 = Development|Any CPU
		{74020533-E731-43A3-8062-3547BE7FB42E}.Development|x64.ActiveCfg = Development|Any CPU
		{74020533-E731-43A3-8062-3547BE7FB42E}.Development|x64.Build.0 = Development|Any CPU
		{74020533-E731-43A3-8062-3547BE7FB42E}.Development|x86.ActiveCfg = Development|Any CPU
		{74020533-E731-43A3-8062-3547BE7FB42E}.Development|x86.Build.0 = Development|Any CPU
		{74020533-E731-43A3-8062-3547BE7FB42E}.Release|Any CPU.ActiveCfg = Release|Any CPU
		{74020533-E731-43A3-8062-3547BE7FB42E}.Release|Any CPU.Build.0 = Release|Any CPU
		{74020533-E731-43A3-8062-3547BE7FB42E}.Release|x64.ActiveCfg = Release|Any CPU
		{74020533-E731-43A3-8062-3547BE7FB42E}.Release|x64.Build.0 = Release|Any CPU
		{74020533-E731-43A3-8062-3547BE7FB42E}.Release|x86.ActiveCfg = Release|Any CPU
		{74020533-E731-43A3-8062-3547BE7FB42E}.Release|x86.Build.0 = Release|Any CPU
		{EE3A4E3D-79B8-4509-83E9-CD3BE07CC3D6}.Debug|Any CPU.ActiveCfg = Debug|Any CPU
		{EE3A4E3D-79B8-4509-83E9-CD3BE07CC3D6}.Debug|Any CPU.Build.0 = Debug|Any CPU
		{EE3A4E3D-79B8-4509-83E9-CD3BE07CC3D6}.Debug|x64.ActiveCfg = Debug|Any CPU
		{EE3A4E3D-79B8-4509-83E9-CD3BE07CC3D6}.Debug|x64.Build.0 = Debug|Any CPU
		{EE3A4E3D-79B8-4509-83E9-CD3BE07CC3D6}.Debug|x86.ActiveCfg = Debug|Any CPU
		{EE3A4E3D-79B8-4509-83E9-CD3BE07CC3D6}.Debug|x86.Build.0 = Debug|Any CPU
		{EE3A4E3D-79B8-4509-83E9-CD3BE07CC3D6}.Development|Any CPU.ActiveCfg = Development|Any CPU
		{EE3A4E3D-79B8-4509-83E9-CD3BE07CC3D6}.Development|Any CPU.Build.0 = Development|Any CPU
		{EE3A4E3D-79B8-4509-83E9-CD3BE07CC3D6}.Development|x64.ActiveCfg = Development|Any CPU
		{EE3A4E3D-79B8-4509-83E9-CD3BE07CC3D6}.Development|x64.Build.0 = Development|Any CPU
		{EE3A4E3D-79B8-4509-83E9-CD3BE07CC3D6}.Development|x86.ActiveCfg = Development|Any CPU
		{EE3A4E3D-79B8-4509-83E9-CD3BE07CC3D6}.Development|x86.Build.0 = Development|Any CPU
		{EE3A4E3D-79B8-4509-83E9-CD3BE07CC3D6}.Release|Any CPU.ActiveCfg = Release|Any CPU
		{EE3A4E3D-79B8-4509-83E9-CD3BE07CC3D6}.Release|Any CPU.Build.0 = Release|Any CPU
		{EE3A4E3D-79B8-4509-83E9-CD3BE07CC3D6}.Release|x64.ActiveCfg = Release|Any CPU
		{EE3A4E3D-79B8-4509-83E9-CD3BE07CC3D6}.Release|x64.Build.0 = Release|Any CPU
		{EE3A4E3D-79B8-4509-83E9-CD3BE07CC3D6}.Release|x86.ActiveCfg = Release|Any CPU
		{EE3A4E3D-79B8-4509-83E9-CD3BE07CC3D6}.Release|x86.Build.0 = Release|Any CPU
		{1F94B5B4-29A3-42CC-B777-AE99093912E9}.Debug|Any CPU.ActiveCfg = Debug|Any CPU
		{1F94B5B4-29A3-42CC-B777-AE99093912E9}.Debug|Any CPU.Build.0 = Debug|Any CPU
		{1F94B5B4-29A3-42CC-B777-AE99093912E9}.Debug|x64.ActiveCfg = Debug|Any CPU
		{1F94B5B4-29A3-42CC-B777-AE99093912E9}.Debug|x64.Build.0 = Debug|Any CPU
		{1F94B5B4-29A3-42CC-B777-AE99093912E9}.Debug|x86.ActiveCfg = Debug|Any CPU
		{1F94B5B4-29A3-42CC-B777-AE99093912E9}.Debug|x86.Build.0 = Debug|Any CPU
		{1F94B5B4-29A3-42CC-B777-AE99093912E9}.Development|Any CPU.ActiveCfg = Development|Any CPU
		{1F94B5B4-29A3-42CC-B777-AE99093912E9}.Development|Any CPU.Build.0 = Development|Any CPU
		{1F94B5B4-29A3-42CC-B777-AE99093912E9}.Development|x64.ActiveCfg = Development|Any CPU
		{1F94B5B4-29A3-42CC-B777-AE99093912E9}.Development|x64.Build.0 = Development|Any CPU
		{1F94B5B4-29A3-42CC-B777-AE99093912E9}.Development|x86.ActiveCfg = Development|Any CPU
		{1F94B5B4-29A3-42CC-B777-AE99093912E9}.Development|x86.Build.0 = Development|Any CPU
		{1F94B5B4-29A3-42CC-B777-AE99093912E9}.Release|Any CPU.ActiveCfg = Release|Any CPU
		{1F94B5B4-29A3-42CC-B777-AE99093912E9}.Release|Any CPU.Build.0 = Release|Any CPU
		{1F94B5B4-29A3-42CC-B777-AE99093912E9}.Release|x64.ActiveCfg = Release|Any CPU
		{1F94B5B4-29A3-42CC-B777-AE99093912E9}.Release|x64.Build.0 = Release|Any CPU
		{1F94B5B4-29A3-42CC-B777-AE99093912E9}.Release|x86.ActiveCfg = Release|Any CPU
		{1F94B5B4-29A3-42CC-B777-AE99093912E9}.Release|x86.Build.0 = Release|Any CPU
	EndGlobalSection
	GlobalSection(SolutionProperties) = preSolution
		HideSolutionNode = FALSE
	EndGlobalSection
	GlobalSection(ExtensibilityGlobals) = postSolution
		SolutionGuid = {F4CA657F-68F7-4332-8880-4D203A529E64}
	EndGlobalSection
EndGlobal
